{
  "pins" : [
    {
      "identity" : "marqueelabel",
      "kind" : "remoteSourceControl",
      "location" : "https://github.com/ZefsAl/MarqueeLabel.git",
      "state" : {
        "branch" : "master",
        "revision" : "e68799fc4a58540a4f38f8eff539d7c46dd6aaaf"
      }
    }
  ],
  "version" : 2
}
